
Microsoft Visual Studio Solution File, Format Version 12.00
# Visual Studio Version 16
VisualStudioVersion = 16.0.29519.87
MinimumVisualStudioVersion = 10.0.40219.1
Project("{FAE04EC0-301F-11D3-BF4B-00C04F79EFBC}") = "NoteSaver", "NoteSaver\NoteSaver.csproj", "{05DA0266-B450-4ECF-8AB3-EC7B5D733467}"
EndProject
Project("{FAE04EC0-301F-11D3-BF4B-00C04F79EFBC}") = "DataBaseModel", "DataBaseModel\DataBaseModel.csproj", "{FD8A0EE5-AB7C-440A-A011-577451E9C24D}"
EndProject
Global
	GlobalSection(SolutionConfigurationPlatforms) = preSolution
		Debug|Any CPU = Debug|Any CPU
		Release|Any CPU = Release|Any CPU
	EndGlobalSection
	GlobalSection(ProjectConfigurationPlatforms) = postSolution
		{05DA0266-B450-4ECF-8AB3-EC7B5D733467}.Debug|Any CPU.ActiveCfg = Debug|Any CPU
		{05DA0266-B450-4ECF-8AB3-EC7B5D733467}.Debug|Any CPU.Build.0 = Debug|Any CPU
		{05DA0266-B450-4ECF-8AB3-EC7B5D733467}.Release|Any CPU.ActiveCfg = Release|Any CPU
		{05DA0266-B450-4ECF-8AB3-EC7B5D733467}.Release|Any CPU.Build.0 = Release|Any CPU
		{FD8A0EE5-AB7C-440A-A011-577451E9C24D}.Debug|Any CPU.ActiveCfg = Debug|Any CPU
		{FD8A0EE5-AB7C-440A-A011-577451E9C24D}.Debug|Any CPU.Build.0 = Debug|Any CPU
		{FD8A0EE5-AB7C-440A-A011-577451E9C24D}.Release|Any CPU.ActiveCfg = Release|Any CPU
		{FD8A0EE5-AB7C-440A-A011-577451E9C24D}.Release|Any CPU.Build.0 = Release|Any CPU
	EndGlobalSection
	GlobalSection(SolutionProperties) = preSolution
		HideSolutionNode = FALSE
	EndGlobalSection
	GlobalSection(ExtensibilityGlobals) = postSolution
		SolutionGuid = {894B4BA0-162E-4B2F-BC73-273060A9C4A0}
	EndGlobalSection
EndGlobal
