
Microsoft Visual Studio Solution File, Format Version 12.00
# Visual Studio 15
VisualStudioVersion = 15.0.28307.539
MinimumVisualStudioVersion = 10.0.40219.1
Project("{9A19103F-16F7-4668-BE54-9A1E7A4F7556}") = "WebApplicationCore1", "WebApplicationCore1\WebApplicationCore1.csproj", "{7BB7C70A-3811-4920-A69D-35B6E65ED4AD}"
EndProject
Project("{9A19103F-16F7-4668-BE54-9A1E7A4F7556}") = "DapperAdapter", "DapperAdapter\DapperAdapter.csproj", "{618CCF0F-FF39-4A6D-B8A8-0B0F0C43F4F5}"
EndProject
Project("{9A19103F-16F7-4668-BE54-9A1E7A4F7556}") = "DataModels", "DataModels\DataModels.csproj", "{4E862525-A0F6-473F-8BC0-607071DFE1C9}"
EndProject
Global
	GlobalSection(SolutionConfigurationPlatforms) = preSolution
		Debug|Any CPU = Debug|Any CPU
		Release|Any CPU = Release|Any CPU
	EndGlobalSection
	GlobalSection(ProjectConfigurationPlatforms) = postSolution
		{7BB7C70A-3811-4920-A69D-35B6E65ED4AD}.Debug|Any CPU.ActiveCfg = Debug|Any CPU
		{7BB7C70A-3811-4920-A69D-35B6E65ED4AD}.Debug|Any CPU.Build.0 = Debug|Any CPU
		{7BB7C70A-3811-4920-A69D-35B6E65ED4AD}.Release|Any CPU.ActiveCfg = Release|Any CPU
		{7BB7C70A-3811-4920-A69D-35B6E65ED4AD}.Release|Any CPU.Build.0 = Release|Any CPU
		{618CCF0F-FF39-4A6D-B8A8-0B0F0C43F4F5}.Debug|Any CPU.ActiveCfg = Debug|Any CPU
		{618CCF0F-FF39-4A6D-B8A8-0B0F0C43F4F5}.Debug|Any CPU.Build.0 = Debug|Any CPU
		{618CCF0F-FF39-4A6D-B8A8-0B0F0C43F4F5}.Release|Any CPU.ActiveCfg = Release|Any CPU
		{618CCF0F-FF39-4A6D-B8A8-0B0F0C43F4F5}.Release|Any CPU.Build.0 = Release|Any CPU
		{4E862525-A0F6-473F-8BC0-607071DFE1C9}.Debug|Any CPU.ActiveCfg = Debug|Any CPU
		{4E862525-A0F6-473F-8BC0-607071DFE1C9}.Debug|Any CPU.Build.0 = Debug|Any CPU
		{4E862525-A0F6-473F-8BC0-607071DFE1C9}.Release|Any CPU.ActiveCfg = Release|Any CPU
		{4E862525-A0F6-473F-8BC0-607071DFE1C9}.Release|Any CPU.Build.0 = Release|Any CPU
	EndGlobalSection
	GlobalSection(SolutionProperties) = preSolution
		HideSolutionNode = FALSE
	EndGlobalSection
	GlobalSection(ExtensibilityGlobals) = postSolution
		SolutionGuid = {FEDC464E-9648-4949-8EE3-5D769BACCF96}
	EndGlobalSection
EndGlobal
